
Microsoft Visual Studio Solution File, Format Version 12.00
# Visual Studio Version 16
VisualStudioVersion = 16.0.31410.357
MinimumVisualStudioVersion = 10.0.40219.1
Project("{9A19103F-16F7-4668-BE54-9A1E7A4F7556}") = "Arbol", "Arbol.csproj", "{C0209064-ADB8-47F2-8165-34CE80AF44C2}"
EndProject
Global
	GlobalSection(SolutionConfigurationPlatforms) = preSolution
		Debug|Any CPU = Debug|Any CPU
		Release|Any CPU = Release|Any CPU
	EndGlobalSection
	GlobalSection(ProjectConfigurationPlatforms) = postSolution
		{C0209064-ADB8-47F2-8165-34CE80AF44C2}.Debug|Any CPU.ActiveCfg = Debug|Any CPU
		{C0209064-ADB8-47F2-8165-34CE80AF44C2}.Debug|Any CPU.Build.0 = Debug|Any CPU
		{C0209064-ADB8-47F2-8165-34CE80AF44C2}.Release|Any CPU.ActiveCfg = Release|Any CPU
		{C0209064-ADB8-47F2-8165-34CE80AF44C2}.Release|Any CPU.Build.0 = Release|Any CPU
	EndGlobalSection
	GlobalSection(SolutionProperties) = preSolution
		HideSolutionNode = FALSE
	EndGlobalSection
	GlobalSection(ExtensibilityGlobals) = postSolution
		SolutionGuid = {9899CD8A-8CD1-4E5F-8B2D-102E6E97B5D3}
	EndGlobalSection
EndGlobal
